{
  "version": 4,
  "terraform_version": "1.3.1",
  "serial": 6,
  "lineage": "920db471-441b-4378-876a-21516977c79f",
  "outputs": {
    "state_bucket_name": {
      "value": "infrablocks-open-policy-agent-opa-test",
      "type": "string"
    }
  },
  "resources": [
    {
      "module": "module.state_bucket",
      "mode": "data",
      "type": "aws_iam_policy_document",
      "name": "deny_encryption_using_incorrect_algorithm",
      "provider": "provider[\"registry.terraform.io/hashicorp/aws\"]",
      "instances": [
        {
          "schema_version": 0,
          "attributes": {
            "id": "4155688132",
            "json": "{\n  \"Version\": \"2012-10-17\",\n  \"Statement\": [\n    {\n      \"Sid\": \"DenyEncryptionUsingIncorrectAlgorithm\",\n      \"Effect\": \"Deny\",\n      \"Action\": \"s3:PutObject\",\n      \"Resource\": \"arn:aws:s3:::infrablocks-open-policy-agent-opa-test/*\",\n      \"Principal\": \"*\",\n      \"Condition\": {\n        \"Null\": {\n          \"s3:x-amz-server-side-encryption\": \"false\"\n        },\n        \"StringNotEquals\": {\n          \"s3:x-amz-server-side-encryption\": \"AES256\"\n        }\n      }\n    }\n  ]\n}",
            "override_json": null,
            "override_policy_documents": null,
            "policy_id": null,
            "source_json": null,
            "source_policy_documents": null,
            "statement": [
              {
                "actions": [
                  "s3:PutObject"
                ],
                "condition": [
                  {
                    "test": "Null",
                    "values": [
                      "false"
                    ],
                    "variable": "s3:x-amz-server-side-encryption"
                  },
                  {
                    "test": "StringNotEquals",
                    "values": [
                      "AES256"
                    ],
                    "variable": "s3:x-amz-server-side-encryption"
                  }
                ],
                "effect": "Deny",
                "not_actions": [],
                "not_principals": [],
                "not_resources": [],
                "principals": [
                  {
                    "identifiers": [
                      "*"
                    ],
                    "type": "*"
                  }
                ],
                "resources": [
                  "arn:aws:s3:::infrablocks-open-policy-agent-opa-test/*"
                ],
                "sid": "DenyEncryptionUsingIncorrectAlgorithm"
              }
            ],
            "version": "2012-10-17"
          },
          "sensitive_attributes": []
        }
      ]
    },
    {
      "module": "module.state_bucket",
      "mode": "data",
      "type": "aws_iam_policy_document",
      "name": "deny_encryption_using_incorrect_key",
      "provider": "provider[\"registry.terraform.io/hashicorp/aws\"]",
      "instances": [
        {
          "schema_version": 0,
          "attributes": {
            "id": "1855145750",
            "json": "{\n  \"Version\": \"2012-10-17\",\n  \"Statement\": [\n    {\n      \"Sid\": \"DenyEncryptionUsingIncorrectKey\",\n      \"Effect\": \"Deny\",\n      \"Action\": \"s3:PutObject\",\n      \"Resource\": \"arn:aws:s3:::infrablocks-open-policy-agent-opa-test/*\",\n      \"Principal\": \"*\",\n      \"Condition\": {\n        \"StringNotEqualsIfExists\": {\n          \"s3:x-amz-server-side-encryption-aws-kms-key-id\": \"\"\n        }\n      }\n    }\n  ]\n}",
            "override_json": null,
            "override_policy_documents": null,
            "policy_id": null,
            "source_json": null,
            "source_policy_documents": null,
            "statement": [
              {
                "actions": [
                  "s3:PutObject"
                ],
                "condition": [
                  {
                    "test": "StringNotEqualsIfExists",
                    "values": [
                      ""
                    ],
                    "variable": "s3:x-amz-server-side-encryption-aws-kms-key-id"
                  }
                ],
                "effect": "Deny",
                "not_actions": [],
                "not_principals": [],
                "not_resources": [],
                "principals": [
                  {
                    "identifiers": [
                      "*"
                    ],
                    "type": "*"
                  }
                ],
                "resources": [
                  "arn:aws:s3:::infrablocks-open-policy-agent-opa-test/*"
                ],
                "sid": "DenyEncryptionUsingIncorrectKey"
              }
            ],
            "version": "2012-10-17"
          },
          "sensitive_attributes": []
        }
      ]
    },
    {
      "module": "module.state_bucket",
      "mode": "data",
      "type": "aws_iam_policy_document",
      "name": "deny_un_encrypted_inflight_operations",
      "provider": "provider[\"registry.terraform.io/hashicorp/aws\"]",
      "instances": [
        {
          "schema_version": 0,
          "attributes": {
            "id": "4022811632",
            "json": "{\n  \"Version\": \"2012-10-17\",\n  \"Statement\": [\n    {\n      \"Sid\": \"DenyUnEncryptedInflightOperations\",\n      \"Effect\": \"Deny\",\n      \"Action\": \"s3:*\",\n      \"Resource\": \"arn:aws:s3:::infrablocks-open-policy-agent-opa-test/*\",\n      \"Principal\": \"*\",\n      \"Condition\": {\n        \"Bool\": {\n          \"aws:SecureTransport\": \"false\"\n        }\n      }\n    }\n  ]\n}",
            "override_json": null,
            "override_policy_documents": null,
            "policy_id": null,
            "source_json": null,
            "source_policy_documents": null,
            "statement": [
              {
                "actions": [
                  "s3:*"
                ],
                "condition": [
                  {
                    "test": "Bool",
                    "values": [
                      "false"
                    ],
                    "variable": "aws:SecureTransport"
                  }
                ],
                "effect": "Deny",
                "not_actions": [],
                "not_principals": [],
                "not_resources": [],
                "principals": [
                  {
                    "identifiers": [
                      "*"
                    ],
                    "type": "*"
                  }
                ],
                "resources": [
                  "arn:aws:s3:::infrablocks-open-policy-agent-opa-test/*"
                ],
                "sid": "DenyUnEncryptedInflightOperations"
              }
            ],
            "version": "2012-10-17"
          },
          "sensitive_attributes": []
        }
      ]
    },
    {
      "module": "module.state_bucket",
      "mode": "data",
      "type": "aws_iam_policy_document",
      "name": "encrypted_bucket_policy_document",
      "provider": "provider[\"registry.terraform.io/hashicorp/aws\"]",
      "instances": [
        {
          "schema_version": 0,
          "attributes": {
            "id": "3997788334",
            "json": "{\n  \"Version\": \"2012-10-17\",\n  \"Statement\": [\n    {\n      \"Sid\": \"DenyUnEncryptedInflightOperations\",\n      \"Effect\": \"Deny\",\n      \"Action\": \"s3:*\",\n      \"Resource\": \"arn:aws:s3:::infrablocks-open-policy-agent-opa-test/*\",\n      \"Principal\": \"*\",\n      \"Condition\": {\n        \"Bool\": {\n          \"aws:SecureTransport\": [\n            \"false\"\n          ]\n        }\n      }\n    },\n    {\n      \"Sid\": \"DenyEncryptionUsingIncorrectAlgorithm\",\n      \"Effect\": \"Deny\",\n      \"Action\": \"s3:PutObject\",\n      \"Resource\": \"arn:aws:s3:::infrablocks-open-policy-agent-opa-test/*\",\n      \"Principal\": \"*\",\n      \"Condition\": {\n        \"Null\": {\n          \"s3:x-amz-server-side-encryption\": [\n            \"false\"\n          ]\n        },\n        \"StringNotEquals\": {\n          \"s3:x-amz-server-side-encryption\": [\n            \"AES256\"\n          ]\n        }\n      }\n    }\n  ]\n}",
            "override_json": null,
            "override_policy_documents": null,
            "policy_id": null,
            "source_json": null,
            "source_policy_documents": [
              "{\n  \"Version\": \"2012-10-17\",\n  \"Statement\": [\n    {\n      \"Sid\": \"DenyUnEncryptedInflightOperations\",\n      \"Effect\": \"Deny\",\n      \"Action\": \"s3:*\",\n      \"Resource\": \"arn:aws:s3:::infrablocks-open-policy-agent-opa-test/*\",\n      \"Principal\": \"*\",\n      \"Condition\": {\n        \"Bool\": {\n          \"aws:SecureTransport\": \"false\"\n        }\n      }\n    }\n  ]\n}",
              "{\n  \"Version\": \"2012-10-17\",\n  \"Statement\": [\n    {\n      \"Sid\": \"DenyEncryptionUsingIncorrectAlgorithm\",\n      \"Effect\": \"Deny\",\n      \"Action\": \"s3:PutObject\",\n      \"Resource\": \"arn:aws:s3:::infrablocks-open-policy-agent-opa-test/*\",\n      \"Principal\": \"*\",\n      \"Condition\": {\n        \"Null\": {\n          \"s3:x-amz-server-side-encryption\": \"false\"\n        },\n        \"StringNotEquals\": {\n          \"s3:x-amz-server-side-encryption\": \"AES256\"\n        }\n      }\n    }\n  ]\n}"
            ],
            "statement": null,
            "version": "2012-10-17"
          },
          "sensitive_attributes": []
        }
      ]
    },
    {
      "module": "module.state_bucket",
      "mode": "managed",
      "type": "aws_s3_bucket",
      "name": "encrypted_bucket",
      "provider": "provider[\"registry.terraform.io/hashicorp/aws\"]",
      "instances": [
        {
          "schema_version": 0,
          "attributes": {
            "acceleration_status": "",
            "acl": null,
            "arn": "arn:aws:s3:::infrablocks-open-policy-agent-opa-test",
            "bucket": "infrablocks-open-policy-agent-opa-test",
            "bucket_domain_name": "infrablocks-open-policy-agent-opa-test.s3.amazonaws.com",
            "bucket_prefix": null,
            "bucket_regional_domain_name": "infrablocks-open-policy-agent-opa-test.s3.eu-west-2.amazonaws.com",
            "cors_rule": [],
            "force_destroy": false,
            "grant": [
              {
                "id": "cce811c443ab22fb4f37bd14b04755ce957c0ba97ec55e9f9d051702906037ec",
                "permissions": [
                  "FULL_CONTROL"
                ],
                "type": "CanonicalUser",
                "uri": ""
              }
            ],
            "hosted_zone_id": "Z3GKZC51ZF0DB4",
            "id": "infrablocks-open-policy-agent-opa-test",
            "lifecycle_rule": [],
            "logging": [],
            "object_lock_configuration": [],
            "object_lock_enabled": false,
            "policy": "",
            "region": "eu-west-2",
            "replication_configuration": [],
            "request_payer": "BucketOwner",
            "server_side_encryption_configuration": [],
            "tags": {
              "DeploymentIdentifier": "opa-test",
              "Name": "infrablocks-open-policy-agent-opa-test"
            },
            "tags_all": {
              "DeploymentIdentifier": "opa-test",
              "Name": "infrablocks-open-policy-agent-opa-test"
            },
            "timeouts": null,
            "versioning": [
              {
                "enabled": false,
                "mfa_delete": false
              }
            ],
            "website": [],
            "website_domain": null,
            "website_endpoint": null
          },
          "sensitive_attributes": [],
          "private": "eyJlMmJmYjczMC1lY2FhLTExZTYtOGY4OC0zNDM2M2JjN2M0YzAiOnsiY3JlYXRlIjoxMjAwMDAwMDAwMDAwLCJkZWxldGUiOjM2MDAwMDAwMDAwMDAsInJlYWQiOjEyMDAwMDAwMDAwMDAsInVwZGF0ZSI6MTIwMDAwMDAwMDAwMH19"
        }
      ]
    },
    {
      "module": "module.state_bucket",
      "mode": "managed",
      "type": "aws_s3_bucket_acl",
      "name": "encrypted_bucket",
      "provider": "provider[\"registry.terraform.io/hashicorp/aws\"]",
      "instances": [
        {
          "schema_version": 0,
          "attributes": {
            "access_control_policy": [
              {
                "grant": [
                  {
                    "grantee": [
                      {
                        "display_name": "",
                        "email_address": "",
                        "id": "cce811c443ab22fb4f37bd14b04755ce957c0ba97ec55e9f9d051702906037ec",
                        "type": "CanonicalUser",
                        "uri": ""
                      }
                    ],
                    "permission": "FULL_CONTROL"
                  }
                ],
                "owner": [
                  {
                    "display_name": "",
                    "id": "cce811c443ab22fb4f37bd14b04755ce957c0ba97ec55e9f9d051702906037ec"
                  }
                ]
              }
            ],
            "acl": "private",
            "bucket": "infrablocks-open-policy-agent-opa-test",
            "expected_bucket_owner": "",
            "id": "infrablocks-open-policy-agent-opa-test,private"
          },
          "sensitive_attributes": [],
          "private": "bnVsbA==",
          "dependencies": [
            "module.state_bucket.aws_s3_bucket.encrypted_bucket"
          ]
        }
      ]
    },
    {
      "module": "module.state_bucket",
      "mode": "managed",
      "type": "aws_s3_bucket_policy",
      "name": "encrypted_bucket",
      "provider": "provider[\"registry.terraform.io/hashicorp/aws\"]",
      "instances": [
        {
          "schema_version": 0,
          "attributes": {
            "bucket": "infrablocks-open-policy-agent-opa-test",
            "id": "infrablocks-open-policy-agent-opa-test",
            "policy": "{\n  \"Version\": \"2012-10-17\",\n  \"Statement\": [\n    {\n      \"Sid\": \"DenyUnEncryptedInflightOperations\",\n      \"Effect\": \"Deny\",\n      \"Action\": \"s3:*\",\n      \"Resource\": \"arn:aws:s3:::infrablocks-open-policy-agent-opa-test/*\",\n      \"Principal\": \"*\",\n      \"Condition\": {\n        \"Bool\": {\n          \"aws:SecureTransport\": [\n            \"false\"\n          ]\n        }\n      }\n    },\n    {\n      \"Sid\": \"DenyEncryptionUsingIncorrectAlgorithm\",\n      \"Effect\": \"Deny\",\n      \"Action\": \"s3:PutObject\",\n      \"Resource\": \"arn:aws:s3:::infrablocks-open-policy-agent-opa-test/*\",\n      \"Principal\": \"*\",\n      \"Condition\": {\n        \"Null\": {\n          \"s3:x-amz-server-side-encryption\": [\n            \"false\"\n          ]\n        },\n        \"StringNotEquals\": {\n          \"s3:x-amz-server-side-encryption\": [\n            \"AES256\"\n          ]\n        }\n      }\n    }\n  ]\n}"
          },
          "sensitive_attributes": [],
          "private": "bnVsbA==",
          "dependencies": [
            "module.state_bucket.aws_s3_bucket.encrypted_bucket",
            "module.state_bucket.data.aws_iam_policy_document.encrypted_bucket_policy_document"
          ]
        }
      ]
    },
    {
      "module": "module.state_bucket",
      "mode": "managed",
      "type": "aws_s3_bucket_server_side_encryption_configuration",
      "name": "encrypted_bucket",
      "provider": "provider[\"registry.terraform.io/hashicorp/aws\"]",
      "instances": [
        {
          "schema_version": 0,
          "attributes": {
            "bucket": "infrablocks-open-policy-agent-opa-test",
            "expected_bucket_owner": "",
            "id": "infrablocks-open-policy-agent-opa-test",
            "rule": [
              {
                "apply_server_side_encryption_by_default": [
                  {
                    "kms_master_key_id": "",
                    "sse_algorithm": "AES256"
                  }
                ],
                "bucket_key_enabled": false
              }
            ]
          },
          "sensitive_attributes": [],
          "private": "bnVsbA==",
          "dependencies": [
            "module.state_bucket.aws_s3_bucket.encrypted_bucket"
          ]
        }
      ]
    },
    {
      "module": "module.state_bucket",
      "mode": "managed",
      "type": "aws_s3_bucket_versioning",
      "name": "encrypted_bucket",
      "provider": "provider[\"registry.terraform.io/hashicorp/aws\"]",
      "instances": [
        {
          "index_key": 0,
          "schema_version": 0,
          "attributes": {
            "bucket": "infrablocks-open-policy-agent-opa-test",
            "expected_bucket_owner": "",
            "id": "infrablocks-open-policy-agent-opa-test",
            "mfa": null,
            "versioning_configuration": [
              {
                "mfa_delete": "Disabled",
                "status": "Enabled"
              }
            ]
          },
          "sensitive_attributes": [],
          "private": "bnVsbA==",
          "dependencies": [
            "module.state_bucket.aws_s3_bucket.encrypted_bucket"
          ]
        }
      ]
    }
  ],
  "check_results": []
}
