{
  "version": 4,
  "terraform_version": "1.3.1",
  "serial": 16,
  "lineage": "920db471-441b-4378-876a-21516977c79f",
  "outputs": {},
  "resources": [
    {
      "module": "module.state_bucket",
      "mode": "managed",
      "type": "aws_s3_bucket",
      "name": "encrypted_bucket",
      "provider": "provider[\"registry.terraform.io/hashicorp/aws\"]",
      "instances": [
        {
          "schema_version": 0,
          "attributes": {
            "acceleration_status": "",
            "acl": null,
            "arn": "arn:aws:s3:::infrablocks-open-policy-agent-opa-test",
            "bucket": "infrablocks-open-policy-agent-opa-test",
            "bucket_domain_name": "infrablocks-open-policy-agent-opa-test.s3.amazonaws.com",
            "bucket_prefix": null,
            "bucket_regional_domain_name": "infrablocks-open-policy-agent-opa-test.s3.eu-west-2.amazonaws.com",
            "cors_rule": [],
            "force_destroy": false,
            "grant": [
              {
                "id": "cce811c443ab22fb4f37bd14b04755ce957c0ba97ec55e9f9d051702906037ec",
                "permissions": [
                  "FULL_CONTROL"
                ],
                "type": "CanonicalUser",
                "uri": ""
              }
            ],
            "hosted_zone_id": "Z3GKZC51ZF0DB4",
            "id": "infrablocks-open-policy-agent-opa-test",
            "lifecycle_rule": [],
            "logging": [],
            "object_lock_configuration": [],
            "object_lock_enabled": false,
            "policy": "{\"Version\":\"2012-10-17\",\"Statement\":[{\"Sid\":\"DenyUnEncryptedInflightOperations\",\"Effect\":\"Deny\",\"Principal\":\"*\",\"Action\":\"s3:*\",\"Resource\":\"arn:aws:s3:::infrablocks-open-policy-agent-opa-test/*\",\"Condition\":{\"Bool\":{\"aws:SecureTransport\":\"false\"}}},{\"Sid\":\"DenyEncryptionUsingIncorrectAlgorithm\",\"Effect\":\"Deny\",\"Principal\":\"*\",\"Action\":\"s3:PutObject\",\"Resource\":\"arn:aws:s3:::infrablocks-open-policy-agent-opa-test/*\",\"Condition\":{\"Null\":{\"s3:x-amz-server-side-encryption\":\"false\"},\"StringNotEquals\":{\"s3:x-amz-server-side-encryption\":\"AES256\"}}}]}",
            "region": "eu-west-2",
            "replication_configuration": [],
            "request_payer": "BucketOwner",
            "server_side_encryption_configuration": [
              {
                "rule": [
                  {
                    "apply_server_side_encryption_by_default": [
                      {
                        "kms_master_key_id": "",
                        "sse_algorithm": "AES256"
                      }
                    ],
                    "bucket_key_enabled": false
                  }
                ]
              }
            ],
            "tags": {
              "DeploymentIdentifier": "opa-test",
              "Name": "infrablocks-open-policy-agent-opa-test"
            },
            "tags_all": {
              "DeploymentIdentifier": "opa-test",
              "Name": "infrablocks-open-policy-agent-opa-test"
            },
            "timeouts": null,
            "versioning": [
              {
                "enabled": true,
                "mfa_delete": false
              }
            ],
            "website": [],
            "website_domain": null,
            "website_endpoint": null
          },
          "sensitive_attributes": [],
          "private": "eyJlMmJmYjczMC1lY2FhLTExZTYtOGY4OC0zNDM2M2JjN2M0YzAiOnsiY3JlYXRlIjoxMjAwMDAwMDAwMDAwLCJkZWxldGUiOjM2MDAwMDAwMDAwMDAsInJlYWQiOjEyMDAwMDAwMDAwMDAsInVwZGF0ZSI6MTIwMDAwMDAwMDAwMH19"
        }
      ]
    }
  ],
  "check_results": []
}
